// !$*UTF8*$!
{
	archiveVersion = 1;
	classes = {
	};
	objectVersion = 48;
	objects = {

/* Begin PBXBuildFile section */
		5C778EAAA5214841C64F18B5 /* Pods_iOSSample.framework in Frameworks */ = {isa = PBXBuildFile; fileRef = 10AA5D727F74CC2501E466D2 /* Pods_iOSSample.framework */; };
		8207BD241FF76C5100EC2FD8 /* CustomCollectionView.swift in Sources */ = {isa = PBXBuildFile; fileRef = 8207BD231FF76C5100EC2FD8 /* CustomCollectionView.swift */; };
		8207BD261FF76C5E00EC2FD8 /* CustomCollectionView.xib in Resources */ = {isa = PBXBuildFile; fileRef = 8207BD251FF76C5E00EC2FD8 /* CustomCollectionView.xib */; };
		820A9E12201D91C100574CF0 /* InfinityScroolView.storyboard in Resources */ = {isa = PBXBuildFile; fileRef = 820A9E11201D91C100574CF0 /* InfinityScroolView.storyboard */; };
		820A9E17201D91D700574CF0 /* CustomCell.swift in Sources */ = {isa = PBXBuildFile; fileRef = 820A9E13201D91D600574CF0 /* CustomCell.swift */; };
		820A9E19201D91D700574CF0 /* InfinityScroolViewController.swift in Sources */ = {isa = PBXBuildFile; fileRef = 820A9E16201D91D600574CF0 /* InfinityScroolViewController.swift */; };
		821FA4FF1FFE7399004732FA /* CustomViewController.storyboard in Resources */ = {isa = PBXBuildFile; fileRef = 821FA4FE1FFE7399004732FA /* CustomViewController.storyboard */; };
		825455131FFE822F003D108D /* PickerView.storyboard in Resources */ = {isa = PBXBuildFile; fileRef = 825455121FFE822F003D108D /* PickerView.storyboard */; };
		829794792000484400EF5968 /* PickerViewController.swift in Sources */ = {isa = PBXBuildFile; fileRef = 829794782000484400EF5968 /* PickerViewController.swift */; };
		8297947B2000505000EF5968 /* PickerViewController.storyboard in Resources */ = {isa = PBXBuildFile; fileRef = 8297947A2000505000EF5968 /* PickerViewController.storyboard */; };
		82C58BA420B97C5300022D43 /* ScrollView.storyboard in Resources */ = {isa = PBXBuildFile; fileRef = 82C58BA320B97C5300022D43 /* ScrollView.storyboard */; };
		82C58BA620B97CCB00022D43 /* ScrollViewController.swift in Sources */ = {isa = PBXBuildFile; fileRef = 82C58BA520B97CCB00022D43 /* ScrollViewController.swift */; };
		82C978E21FFFC10200F63ADE /* PickerViewBaseController.swift in Sources */ = {isa = PBXBuildFile; fileRef = 82C978E11FFFC10200F63ADE /* PickerViewBaseController.swift */; };
		FA149CBB1FCD3ED800E82F5F /* AppDelegate.swift in Sources */ = {isa = PBXBuildFile; fileRef = FA149CBA1FCD3ED800E82F5F /* AppDelegate.swift */; };
		FA149CBD1FCD3ED800E82F5F /* MenuViewController.swift in Sources */ = {isa = PBXBuildFile; fileRef = FA149CBC1FCD3ED800E82F5F /* MenuViewController.swift */; };
		FA149CC01FCD3ED800E82F5F /* Main.storyboard in Resources */ = {isa = PBXBuildFile; fileRef = FA149CBE1FCD3ED800E82F5F /* Main.storyboard */; };
		FA149CC21FCD3ED800E82F5F /* Assets.xcassets in Resources */ = {isa = PBXBuildFile; fileRef = FA149CC11FCD3ED800E82F5F /* Assets.xcassets */; };
		FA149CC51FCD3ED800E82F5F /* LaunchScreen.storyboard in Resources */ = {isa = PBXBuildFile; fileRef = FA149CC31FCD3ED800E82F5F /* LaunchScreen.storyboard */; };
		FA2CD59521F5869100508B08 /* TransparentNavigationBarViewController.swift in Sources */ = {isa = PBXBuildFile; fileRef = FA2CD59321F5869000508B08 /* TransparentNavigationBarViewController.swift */; };
		FA2CD59621F5869100508B08 /* TransparentNavigationBar.storyboard in Resources */ = {isa = PBXBuildFile; fileRef = FA2CD59421F5869000508B08 /* TransparentNavigationBar.storyboard */; };
		FA2D14D92034441F007430B9 /* AffineTransform.storyboard in Resources */ = {isa = PBXBuildFile; fileRef = FA2D14D82034441F007430B9 /* AffineTransform.storyboard */; };
		FA2D14DB20344437007430B9 /* AffineTransformViewController.swift in Sources */ = {isa = PBXBuildFile; fileRef = FA2D14DA20344437007430B9 /* AffineTransformViewController.swift */; };
		FA2D14DD20344457007430B9 /* AffineTransformView.swift in Sources */ = {isa = PBXBuildFile; fileRef = FA2D14DC20344457007430B9 /* AffineTransformView.swift */; };
		FA328184202989C200E395AB /* ShowKeyboardScrollViewController.swift in Sources */ = {isa = PBXBuildFile; fileRef = FA328182202989C200E395AB /* ShowKeyboardScrollViewController.swift */; };
		FA328185202989C200E395AB /* ShowKeyboardScroll.storyboard in Resources */ = {isa = PBXBuildFile; fileRef = FA328183202989C200E395AB /* ShowKeyboardScroll.storyboard */; };
		FA406DD81FF4AD1D0005620B /* DrawRectView.storyboard in Resources */ = {isa = PBXBuildFile; fileRef = FA406DD71FF4AD1D0005620B /* DrawRectView.storyboard */; };
		FA406DDA1FF4AD680005620B /* DrawRectViewController.swift in Sources */ = {isa = PBXBuildFile; fileRef = FA406DD91FF4AD680005620B /* DrawRectViewController.swift */; };
		FA406DDC1FF4BBDA0005620B /* Images.xcassets in Resources */ = {isa = PBXBuildFile; fileRef = FA406DDB1FF4BBDA0005620B /* Images.xcassets */; };
		FA708E27206107BE00D697DA /* AnimationViewButton.storyboard in Resources */ = {isa = PBXBuildFile; fileRef = FA708E26206107BE00D697DA /* AnimationViewButton.storyboard */; };
		FA708E29206107CF00D697DA /* AnimationViewButtonViewController.swift in Sources */ = {isa = PBXBuildFile; fileRef = FA708E28206107CF00D697DA /* AnimationViewButtonViewController.swift */; };
		FA8591102027FAB2003C3A18 /* ShowKeyboard.storyboard in Resources */ = {isa = PBXBuildFile; fileRef = FA85910F2027FAB2003C3A18 /* ShowKeyboard.storyboard */; };
		FA8591122027FABB003C3A18 /* ShowKeyboardViewController.swift in Sources */ = {isa = PBXBuildFile; fileRef = FA8591112027FABB003C3A18 /* ShowKeyboardViewController.swift */; };
		FA8EA31E204CEA93009E7D7C /* NavigationController.storyboard in Resources */ = {isa = PBXBuildFile; fileRef = FA8EA31D204CEA93009E7D7C /* NavigationController.storyboard */; };
		FA8EA320204CF2EE009E7D7C /* SampleViewController.swift in Sources */ = {isa = PBXBuildFile; fileRef = FA8EA31F204CF2EE009E7D7C /* SampleViewController.swift */; };
		FA964F451FD53A8B001FCB7E /* CarouselViewController.swift in Sources */ = {isa = PBXBuildFile; fileRef = FA964F441FD53A8B001FCB7E /* CarouselViewController.swift */; };
		FA964F471FD53AA3001FCB7E /* CarouselView.storyboard in Resources */ = {isa = PBXBuildFile; fileRef = FA964F461FD53AA3001FCB7E /* CarouselView.storyboard */; };
		FAADD25220208754009DE882 /* ContentSizeView.storyboard in Resources */ = {isa = PBXBuildFile; fileRef = FAADD25120208754009DE882 /* ContentSizeView.storyboard */; };
		FAADD2542020876A009DE882 /* ContentSizeViewController.swift in Sources */ = {isa = PBXBuildFile; fileRef = FAADD2532020876A009DE882 /* ContentSizeViewController.swift */; };
		FACFBA83204D28D900BA0B77 /* SampleModalViewController.swift in Sources */ = {isa = PBXBuildFile; fileRef = FACFBA82204D28D900BA0B77 /* SampleModalViewController.swift */; };
/* End PBXBuildFile section */

/* Begin PBXFileReference section */
		10AA5D727F74CC2501E466D2 /* Pods_iOSSample.framework */ = {isa = PBXFileReference; explicitFileType = wrapper.framework; includeInIndex = 0; path = Pods_iOSSample.framework; sourceTree = BUILT_PRODUCTS_DIR; };
		6C93C3C6B32199CB4CB4B090 /* Pods-iOSSample.debug.xcconfig */ = {isa = PBXFileReference; includeInIndex = 1; lastKnownFileType = text.xcconfig; name = "Pods-iOSSample.debug.xcconfig"; path = "Pods/Target Support Files/Pods-iOSSample/Pods-iOSSample.debug.xcconfig"; sourceTree = "<group>"; };
		8207BD231FF76C5100EC2FD8 /* CustomCollectionView.swift */ = {isa = PBXFileReference; lastKnownFileType = sourcecode.swift; path = CustomCollectionView.swift; sourceTree = "<group>"; };
		8207BD251FF76C5E00EC2FD8 /* CustomCollectionView.xib */ = {isa = PBXFileReference; lastKnownFileType = file.xib; path = CustomCollectionView.xib; sourceTree = "<group>"; };
		820A9E11201D91C100574CF0 /* InfinityScroolView.storyboard */ = {isa = PBXFileReference; fileEncoding = 4; lastKnownFileType = file.storyboard; path = InfinityScroolView.storyboard; sourceTree = "<group>"; };
		820A9E13201D91D600574CF0 /* CustomCell.swift */ = {isa = PBXFileReference; fileEncoding = 4; lastKnownFileType = sourcecode.swift; path = CustomCell.swift; sourceTree = "<group>"; };
		820A9E16201D91D600574CF0 /* InfinityScroolViewController.swift */ = {isa = PBXFileReference; fileEncoding = 4; lastKnownFileType = sourcecode.swift; path = InfinityScroolViewController.swift; sourceTree = "<group>"; };
		821FA4FE1FFE7399004732FA /* CustomViewController.storyboard */ = {isa = PBXFileReference; lastKnownFileType = file.storyboard; path = CustomViewController.storyboard; sourceTree = "<group>"; };
		825455121FFE822F003D108D /* PickerView.storyboard */ = {isa = PBXFileReference; lastKnownFileType = file.storyboard; path = PickerView.storyboard; sourceTree = "<group>"; };
		829794782000484400EF5968 /* PickerViewController.swift */ = {isa = PBXFileReference; lastKnownFileType = sourcecode.swift; path = PickerViewController.swift; sourceTree = "<group>"; };
		8297947A2000505000EF5968 /* PickerViewController.storyboard */ = {isa = PBXFileReference; lastKnownFileType = file.storyboard; path = PickerViewController.storyboard; sourceTree = "<group>"; };
		82C58BA320B97C5300022D43 /* ScrollView.storyboard */ = {isa = PBXFileReference; lastKnownFileType = file.storyboard; path = ScrollView.storyboard; sourceTree = "<group>"; };
		82C58BA520B97CCB00022D43 /* ScrollViewController.swift */ = {isa = PBXFileReference; lastKnownFileType = sourcecode.swift; path = ScrollViewController.swift; sourceTree = "<group>"; };
		82C978E11FFFC10200F63ADE /* PickerViewBaseController.swift */ = {isa = PBXFileReference; lastKnownFileType = sourcecode.swift; path = PickerViewBaseController.swift; sourceTree = "<group>"; };
		FA149CB71FCD3ED800E82F5F /* iOSSample.app */ = {isa = PBXFileReference; explicitFileType = wrapper.application; includeInIndex = 0; path = iOSSample.app; sourceTree = BUILT_PRODUCTS_DIR; };
		FA149CBA1FCD3ED800E82F5F /* AppDelegate.swift */ = {isa = PBXFileReference; lastKnownFileType = sourcecode.swift; path = AppDelegate.swift; sourceTree = "<group>"; };
		FA149CBC1FCD3ED800E82F5F /* MenuViewController.swift */ = {isa = PBXFileReference; lastKnownFileType = sourcecode.swift; path = MenuViewController.swift; sourceTree = "<group>"; };
		FA149CBF1FCD3ED800E82F5F /* Base */ = {isa = PBXFileReference; lastKnownFileType = file.storyboard; name = Base; path = Base.lproj/Main.storyboard; sourceTree = "<group>"; };
		FA149CC11FCD3ED800E82F5F /* Assets.xcassets */ = {isa = PBXFileReference; lastKnownFileType = folder.assetcatalog; path = Assets.xcassets; sourceTree = "<group>"; };
		FA149CC41FCD3ED800E82F5F /* Base */ = {isa = PBXFileReference; lastKnownFileType = file.storyboard; name = Base; path = Base.lproj/LaunchScreen.storyboard; sourceTree = "<group>"; };
		FA149CC61FCD3ED800E82F5F /* Info.plist */ = {isa = PBXFileReference; lastKnownFileType = text.plist.xml; path = Info.plist; sourceTree = "<group>"; };
		FA2CD59321F5869000508B08 /* TransparentNavigationBarViewController.swift */ = {isa = PBXFileReference; fileEncoding = 4; lastKnownFileType = sourcecode.swift; path = TransparentNavigationBarViewController.swift; sourceTree = "<group>"; };
		FA2CD59421F5869000508B08 /* TransparentNavigationBar.storyboard */ = {isa = PBXFileReference; fileEncoding = 4; lastKnownFileType = file.storyboard; path = TransparentNavigationBar.storyboard; sourceTree = "<group>"; };
		FA2D14D82034441F007430B9 /* AffineTransform.storyboard */ = {isa = PBXFileReference; lastKnownFileType = file.storyboard; path = AffineTransform.storyboard; sourceTree = "<group>"; };
		FA2D14DA20344437007430B9 /* AffineTransformViewController.swift */ = {isa = PBXFileReference; lastKnownFileType = sourcecode.swift; path = AffineTransformViewController.swift; sourceTree = "<group>"; };
		FA2D14DC20344457007430B9 /* AffineTransformView.swift */ = {isa = PBXFileReference; lastKnownFileType = sourcecode.swift; path = AffineTransformView.swift; sourceTree = "<group>"; };
		FA328182202989C200E395AB /* ShowKeyboardScrollViewController.swift */ = {isa = PBXFileReference; fileEncoding = 4; lastKnownFileType = sourcecode.swift; path = ShowKeyboardScrollViewController.swift; sourceTree = "<group>"; };
		FA328183202989C200E395AB /* ShowKeyboardScroll.storyboard */ = {isa = PBXFileReference; fileEncoding = 4; lastKnownFileType = file.storyboard; path = ShowKeyboardScroll.storyboard; sourceTree = "<group>"; };
		FA406DD71FF4AD1D0005620B /* DrawRectView.storyboard */ = {isa = PBXFileReference; lastKnownFileType = file.storyboard; path = DrawRectView.storyboard; sourceTree = "<group>"; };
		FA406DD91FF4AD680005620B /* DrawRectViewController.swift */ = {isa = PBXFileReference; lastKnownFileType = sourcecode.swift; path = DrawRectViewController.swift; sourceTree = "<group>"; };
		FA406DDB1FF4BBDA0005620B /* Images.xcassets */ = {isa = PBXFileReference; lastKnownFileType = folder.assetcatalog; path = Images.xcassets; sourceTree = "<group>"; };
		FA708E26206107BE00D697DA /* AnimationViewButton.storyboard */ = {isa = PBXFileReference; lastKnownFileType = file.storyboard; path = AnimationViewButton.storyboard; sourceTree = "<group>"; };
		FA708E28206107CF00D697DA /* AnimationViewButtonViewController.swift */ = {isa = PBXFileReference; lastKnownFileType = sourcecode.swift; path = AnimationViewButtonViewController.swift; sourceTree = "<group>"; };
		FA85910F2027FAB2003C3A18 /* ShowKeyboard.storyboard */ = {isa = PBXFileReference; lastKnownFileType = file.storyboard; path = ShowKeyboard.storyboard; sourceTree = "<group>"; };
		FA8591112027FABB003C3A18 /* ShowKeyboardViewController.swift */ = {isa = PBXFileReference; lastKnownFileType = sourcecode.swift; path = ShowKeyboardViewController.swift; sourceTree = "<group>"; };
		FA8EA31D204CEA93009E7D7C /* NavigationController.storyboard */ = {isa = PBXFileReference; lastKnownFileType = file.storyboard; path = NavigationController.storyboard; sourceTree = "<group>"; };
		FA8EA31F204CF2EE009E7D7C /* SampleViewController.swift */ = {isa = PBXFileReference; lastKnownFileType = sourcecode.swift; path = SampleViewController.swift; sourceTree = "<group>"; };
		FA964F441FD53A8B001FCB7E /* CarouselViewController.swift */ = {isa = PBXFileReference; fileEncoding = 4; lastKnownFileType = sourcecode.swift; path = CarouselViewController.swift; sourceTree = "<group>"; };
		FA964F461FD53AA3001FCB7E /* CarouselView.storyboard */ = {isa = PBXFileReference; fileEncoding = 4; lastKnownFileType = file.storyboard; path = CarouselView.storyboard; sourceTree = "<group>"; };
		FAADD25120208754009DE882 /* ContentSizeView.storyboard */ = {isa = PBXFileReference; lastKnownFileType = file.storyboard; path = ContentSizeView.storyboard; sourceTree = "<group>"; };
		FAADD2532020876A009DE882 /* ContentSizeViewController.swift */ = {isa = PBXFileReference; lastKnownFileType = sourcecode.swift; path = ContentSizeViewController.swift; sourceTree = "<group>"; };
		FACFBA82204D28D900BA0B77 /* SampleModalViewController.swift */ = {isa = PBXFileReference; lastKnownFileType = sourcecode.swift; path = SampleModalViewController.swift; sourceTree = "<group>"; };
		FF673239809A6BE3D4FB6E51 /* Pods-iOSSample.release.xcconfig */ = {isa = PBXFileReference; includeInIndex = 1; lastKnownFileType = text.xcconfig; name = "Pods-iOSSample.release.xcconfig"; path = "Pods/Target Support Files/Pods-iOSSample/Pods-iOSSample.release.xcconfig"; sourceTree = "<group>"; };
/* End PBXFileReference section */

/* Begin PBXFrameworksBuildPhase section */
		FA149CB41FCD3ED800E82F5F /* Frameworks */ = {
			isa = PBXFrameworksBuildPhase;
			buildActionMask = 2147483647;
			files = (
				5C778EAAA5214841C64F18B5 /* Pods_iOSSample.framework in Frameworks */,
			);
			runOnlyForDeploymentPostprocessing = 0;
		};
/* End PBXFrameworksBuildPhase section */

/* Begin PBXGroup section */
		0958B24F19BDB3C6FF01423B /* Frameworks */ = {
			isa = PBXGroup;
			children = (
				10AA5D727F74CC2501E466D2 /* Pods_iOSSample.framework */,
			);
			name = Frameworks;
			sourceTree = "<group>";
		};
		77310368FABDBAAF01AA9DCC /* Pods */ = {
			isa = PBXGroup;
			children = (
				6C93C3C6B32199CB4CB4B090 /* Pods-iOSSample.debug.xcconfig */,
				FF673239809A6BE3D4FB6E51 /* Pods-iOSSample.release.xcconfig */,
			);
			name = Pods;
			sourceTree = "<group>";
		};
		820A9E10201D8EB200574CF0 /* InfinityScroolView */ = {
			isa = PBXGroup;
			children = (
				820A9E11201D91C100574CF0 /* InfinityScroolView.storyboard */,
				820A9E16201D91D600574CF0 /* InfinityScroolViewController.swift */,
				820A9E13201D91D600574CF0 /* CustomCell.swift */,
			);
			path = InfinityScroolView;
			sourceTree = "<group>";
		};
		821FA4FD1FFE7369004732FA /* CustomViewXib */ = {
			isa = PBXGroup;
			children = (
				821FA4FE1FFE7399004732FA /* CustomViewController.storyboard */,
				8207BD231FF76C5100EC2FD8 /* CustomCollectionView.swift */,
				8207BD251FF76C5E00EC2FD8 /* CustomCollectionView.xib */,
			);
			path = CustomViewXib;
			sourceTree = "<group>";
		};
		825455111FFE820D003D108D /* PickerView */ = {
			isa = PBXGroup;
			children = (
				825455121FFE822F003D108D /* PickerView.storyboard */,
				82C978E11FFFC10200F63ADE /* PickerViewBaseController.swift */,
				8297947A2000505000EF5968 /* PickerViewController.storyboard */,
				829794782000484400EF5968 /* PickerViewController.swift */,
			);
			path = PickerView;
			sourceTree = "<group>";
		};
		82C58BA220B97C3D00022D43 /* ScrollView */ = {
			isa = PBXGroup;
			children = (
				82C58BA320B97C5300022D43 /* ScrollView.storyboard */,
				82C58BA520B97CCB00022D43 /* ScrollViewController.swift */,
			);
			path = ScrollView;
			sourceTree = "<group>";
		};
		FA149CAE1FCD3ED800E82F5F = {
			isa = PBXGroup;
			children = (
				FA149CB91FCD3ED800E82F5F /* iOSSample */,
				FA149CB81FCD3ED800E82F5F /* Products */,
				77310368FABDBAAF01AA9DCC /* Pods */,
				0958B24F19BDB3C6FF01423B /* Frameworks */,
			);
			sourceTree = "<group>";
		};
		FA149CB81FCD3ED800E82F5F /* Products */ = {
			isa = PBXGroup;
			children = (
				FA149CB71FCD3ED800E82F5F /* iOSSample.app */,
			);
			name = Products;
			sourceTree = "<group>";
		};
		FA149CB91FCD3ED800E82F5F /* iOSSample */ = {
			isa = PBXGroup;
			children = (
				FA406DD31FF4AB9F0005620B /* Common */,
				FA9734752028077500D465CA /* Samples */,
				FA406DD51FF4ABE20005620B /* Resources */,
				FA149CC61FCD3ED800E82F5F /* Info.plist */,
			);
			path = iOSSample;
			sourceTree = "<group>";
		};
		FA2CD59221F5869000508B08 /* TransparentNavigationBar */ = {
			isa = PBXGroup;
			children = (
				FA2CD59321F5869000508B08 /* TransparentNavigationBarViewController.swift */,
				FA2CD59421F5869000508B08 /* TransparentNavigationBar.storyboard */,
			);
			path = TransparentNavigationBar;
			sourceTree = "<group>";
		};
		FA2D14D72034440A007430B9 /* AffineTransform */ = {
			isa = PBXGroup;
			children = (
				FA2D14D82034441F007430B9 /* AffineTransform.storyboard */,
				FA2D14DA20344437007430B9 /* AffineTransformViewController.swift */,
				FA2D14DC20344457007430B9 /* AffineTransformView.swift */,
			);
			path = AffineTransform;
			sourceTree = "<group>";
		};
		FA3281812029893D00E395AB /* ShowKeyboardScrollView */ = {
			isa = PBXGroup;
			children = (
				FA328183202989C200E395AB /* ShowKeyboardScroll.storyboard */,
				FA328182202989C200E395AB /* ShowKeyboardScrollViewController.swift */,
			);
			path = ShowKeyboardScrollView;
			sourceTree = "<group>";
		};
		FA406DD21FF4AB7B0005620B /* CarouselView */ = {
			isa = PBXGroup;
			children = (
				FA964F441FD53A8B001FCB7E /* CarouselViewController.swift */,
				FA964F461FD53AA3001FCB7E /* CarouselView.storyboard */,
			);
			path = CarouselView;
			sourceTree = "<group>";
		};
		FA406DD31FF4AB9F0005620B /* Common */ = {
			isa = PBXGroup;
			children = (
				FA149CBA1FCD3ED800E82F5F /* AppDelegate.swift */,
				FA149CBC1FCD3ED800E82F5F /* MenuViewController.swift */,
				FA149CBE1FCD3ED800E82F5F /* Main.storyboard */,
				FA149CC31FCD3ED800E82F5F /* LaunchScreen.storyboard */,
			);
			path = Common;
			sourceTree = "<group>";
		};
		FA406DD51FF4ABE20005620B /* Resources */ = {
			isa = PBXGroup;
			children = (
				FA149CC11FCD3ED800E82F5F /* Assets.xcassets */,
				FA406DDB1FF4BBDA0005620B /* Images.xcassets */,
			);
			path = Resources;
			sourceTree = "<group>";
		};
		FA406DD61FF4ACF60005620B /* DrawRectView */ = {
			isa = PBXGroup;
			children = (
				FA406DD71FF4AD1D0005620B /* DrawRectView.storyboard */,
				FA406DD91FF4AD680005620B /* DrawRectViewController.swift */,
			);
			path = DrawRectView;
			sourceTree = "<group>";
		};
		FA708E25206107B400D697DA /* AnimationViewButton */ = {
			isa = PBXGroup;
			children = (
				FA708E26206107BE00D697DA /* AnimationViewButton.storyboard */,
				FA708E28206107CF00D697DA /* AnimationViewButtonViewController.swift */,
			);
			path = AnimationViewButton;
			sourceTree = "<group>";
		};
		FA85910E2027FA90003C3A18 /* ShowKeyboardView */ = {
			isa = PBXGroup;
			children = (
				FA85910F2027FAB2003C3A18 /* ShowKeyboard.storyboard */,
				FA8591112027FABB003C3A18 /* ShowKeyboardViewController.swift */,
			);
			path = ShowKeyboardView;
			sourceTree = "<group>";
		};
		FA8EA31C204CEA69009E7D7C /* NavigationController */ = {
			isa = PBXGroup;
			children = (
				FA8EA31D204CEA93009E7D7C /* NavigationController.storyboard */,
				FA8EA31F204CF2EE009E7D7C /* SampleViewController.swift */,
				FACFBA82204D28D900BA0B77 /* SampleModalViewController.swift */,
			);
			path = NavigationController;
			sourceTree = "<group>";
		};
		FA9734752028077500D465CA /* Samples */ = {
			isa = PBXGroup;
			children = (
				FA2D14D72034440A007430B9 /* AffineTransform */,
				FA708E25206107B400D697DA /* AnimationViewButton */,
				FA406DD21FF4AB7B0005620B /* CarouselView */,
				FAADD2502020873F009DE882 /* ContentSize */,
				821FA4FD1FFE7369004732FA /* CustomViewXib */,
				FA406DD61FF4ACF60005620B /* DrawRectView */,
				820A9E10201D8EB200574CF0 /* InfinityScroolView */,
				FA8EA31C204CEA69009E7D7C /* NavigationController */,
				825455111FFE820D003D108D /* PickerView */,
				82C58BA220B97C3D00022D43 /* ScrollView */,
				FA3281812029893D00E395AB /* ShowKeyboardScrollView */,
				FA85910E2027FA90003C3A18 /* ShowKeyboardView */,
				FA2CD59221F5869000508B08 /* TransparentNavigationBar */,
			);
			path = Samples;
			sourceTree = "<group>";
		};
		FAADD2502020873F009DE882 /* ContentSize */ = {
			isa = PBXGroup;
			children = (
				FAADD25120208754009DE882 /* ContentSizeView.storyboard */,
				FAADD2532020876A009DE882 /* ContentSizeViewController.swift */,
			);
			path = ContentSize;
			sourceTree = "<group>";
		};
/* End PBXGroup section */

/* Begin PBXNativeTarget section */
		FA149CB61FCD3ED800E82F5F /* iOSSample */ = {
			isa = PBXNativeTarget;
			buildConfigurationList = FA149CC91FCD3ED800E82F5F /* Build configuration list for PBXNativeTarget "iOSSample" */;
			buildPhases = (
				25DC46A96D924EFD64542F50 /* [CP] Check Pods Manifest.lock */,
				FA149CB31FCD3ED800E82F5F /* Sources */,
				FA149CB41FCD3ED800E82F5F /* Frameworks */,
				FA149CB51FCD3ED800E82F5F /* Resources */,
				784089C70C26CB252FB14776 /* [CP] Embed Pods Frameworks */,
				EB6DAA0B5892AC0AACA412C5 /* [CP] Copy Pods Resources */,
			);
			buildRules = (
			);
			dependencies = (
			);
			name = iOSSample;
			productName = iOSSample;
			productReference = FA149CB71FCD3ED800E82F5F /* iOSSample.app */;
			productType = "com.apple.product-type.application";
		};
/* End PBXNativeTarget section */

/* Begin PBXProject section */
		FA149CAF1FCD3ED800E82F5F /* Project object */ = {
			isa = PBXProject;
			attributes = {
				LastSwiftUpdateCheck = 0910;
				LastUpgradeCheck = 1010;
				ORGANIZATIONNAME = KoichiroOishi;
				TargetAttributes = {
					FA149CB61FCD3ED800E82F5F = {
						CreatedOnToolsVersion = 9.1;
						LastSwiftMigration = 1010;
						ProvisioningStyle = Automatic;
					};
				};
			};
			buildConfigurationList = FA149CB21FCD3ED800E82F5F /* Build configuration list for PBXProject "iOSSample" */;
			compatibilityVersion = "Xcode 8.0";
			developmentRegion = en;
			hasScannedForEncodings = 0;
			knownRegions = (
				en,
				Base,
			);
			mainGroup = FA149CAE1FCD3ED800E82F5F;
			productRefGroup = FA149CB81FCD3ED800E82F5F /* Products */;
			projectDirPath = "";
			projectRoot = "";
			targets = (
				FA149CB61FCD3ED800E82F5F /* iOSSample */,
			);
		};
/* End PBXProject section */

/* Begin PBXResourcesBuildPhase section */
		FA149CB51FCD3ED800E82F5F /* Resources */ = {
			isa = PBXResourcesBuildPhase;
			buildActionMask = 2147483647;
			files = (
				821FA4FF1FFE7399004732FA /* CustomViewController.storyboard in Resources */,
				FA2CD59621F5869100508B08 /* TransparentNavigationBar.storyboard in Resources */,
				8207BD261FF76C5E00EC2FD8 /* CustomCollectionView.xib in Resources */,
				FA964F471FD53AA3001FCB7E /* CarouselView.storyboard in Resources */,
				FA149CC51FCD3ED800E82F5F /* LaunchScreen.storyboard in Resources */,
				FA406DDC1FF4BBDA0005620B /* Images.xcassets in Resources */,
				820A9E12201D91C100574CF0 /* InfinityScroolView.storyboard in Resources */,
				82C58BA420B97C5300022D43 /* ScrollView.storyboard in Resources */,
				FA149CC21FCD3ED800E82F5F /* Assets.xcassets in Resources */,
				FA8591102027FAB2003C3A18 /* ShowKeyboard.storyboard in Resources */,
				FAADD25220208754009DE882 /* ContentSizeView.storyboard in Resources */,
				FA149CC01FCD3ED800E82F5F /* Main.storyboard in Resources */,
				FA8EA31E204CEA93009E7D7C /* NavigationController.storyboard in Resources */,
				825455131FFE822F003D108D /* PickerView.storyboard in Resources */,
				FA406DD81FF4AD1D0005620B /* DrawRectView.storyboard in Resources */,
				FA708E27206107BE00D697DA /* AnimationViewButton.storyboard in Resources */,
				8297947B2000505000EF5968 /* PickerViewController.storyboard in Resources */,
				FA328185202989C200E395AB /* ShowKeyboardScroll.storyboard in Resources */,
				FA2D14D92034441F007430B9 /* AffineTransform.storyboard in Resources */,
			);
			runOnlyForDeploymentPostprocessing = 0;
		};
/* End PBXResourcesBuildPhase section */

/* Begin PBXShellScriptBuildPhase section */
		25DC46A96D924EFD64542F50 /* [CP] Check Pods Manifest.lock */ = {
			isa = PBXShellScriptBuildPhase;
			buildActionMask = 2147483647;
			files = (
			);
			inputPaths = (
				"${PODS_PODFILE_DIR_PATH}/Podfile.lock",
				"${PODS_ROOT}/Manifest.lock",
			);
			name = "[CP] Check Pods Manifest.lock";
			outputPaths = (
				"$(DERIVED_FILE_DIR)/Pods-iOSSample-checkManifestLockResult.txt",
			);
			runOnlyForDeploymentPostprocessing = 0;
			shellPath = /bin/sh;
			shellScript = "diff \"${PODS_PODFILE_DIR_PATH}/Podfile.lock\" \"${PODS_ROOT}/Manifest.lock\" > /dev/null\nif [ $? != 0 ] ; then\n    # print error to STDERR\n    echo \"error: The sandbox is not in sync with the Podfile.lock. Run 'pod install' or update your CocoaPods installation.\" >&2\n    exit 1\nfi\n# This output is used by Xcode 'outputs' to avoid re-running this script phase.\necho \"SUCCESS\" > \"${SCRIPT_OUTPUT_FILE_0}\"\n";
			showEnvVarsInLog = 0;
		};
		784089C70C26CB252FB14776 /* [CP] Embed Pods Frameworks */ = {
			isa = PBXShellScriptBuildPhase;
			buildActionMask = 2147483647;
			files = (
			);
			inputPaths = (
				"${SRCROOT}/Pods/Target Support Files/Pods-iOSSample/Pods-iOSSample-frameworks.sh",
				"${BUILT_PRODUCTS_DIR}/GestureRecognizerClosures/GestureRecognizerClosures.framework",
				"${BUILT_PRODUCTS_DIR}/SDWebImage/SDWebImage.framework",
			);
			name = "[CP] Embed Pods Frameworks";
			outputPaths = (
				"${TARGET_BUILD_DIR}/${FRAMEWORKS_FOLDER_PATH}/GestureRecognizerClosures.framework",
				"${TARGET_BUILD_DIR}/${FRAMEWORKS_FOLDER_PATH}/SDWebImage.framework",
			);
			runOnlyForDeploymentPostprocessing = 0;
			shellPath = /bin/sh;
			shellScript = "\"${SRCROOT}/Pods/Target Support Files/Pods-iOSSample/Pods-iOSSample-frameworks.sh\"\n";
			showEnvVarsInLog = 0;
		};
		EB6DAA0B5892AC0AACA412C5 /* [CP] Copy Pods Resources */ = {
			isa = PBXShellScriptBuildPhase;
			buildActionMask = 2147483647;
			files = (
			);
			inputPaths = (
			);
			name = "[CP] Copy Pods Resources";
			outputPaths = (
			);
			runOnlyForDeploymentPostprocessing = 0;
			shellPath = /bin/sh;
			shellScript = "\"${SRCROOT}/Pods/Target Support Files/Pods-iOSSample/Pods-iOSSample-resources.sh\"\n";
			showEnvVarsInLog = 0;
		};
/* End PBXShellScriptBuildPhase section */

/* Begin PBXSourcesBuildPhase section */
		FA149CB31FCD3ED800E82F5F /* Sources */ = {
			isa = PBXSourcesBuildPhase;
			buildActionMask = 2147483647;
			files = (
				82C978E21FFFC10200F63ADE /* PickerViewBaseController.swift in Sources */,
				FA328184202989C200E395AB /* ShowKeyboardScrollViewController.swift in Sources */,
				8207BD241FF76C5100EC2FD8 /* CustomCollectionView.swift in Sources */,
				FA149CBD1FCD3ED800E82F5F /* MenuViewController.swift in Sources */,
				FA708E29206107CF00D697DA /* AnimationViewButtonViewController.swift in Sources */,
				820A9E19201D91D700574CF0 /* InfinityScroolViewController.swift in Sources */,
				FA8EA320204CF2EE009E7D7C /* SampleViewController.swift in Sources */,
				FA964F451FD53A8B001FCB7E /* CarouselViewController.swift in Sources */,
				FA406DDA1FF4AD680005620B /* DrawRectViewController.swift in Sources */,
				FACFBA83204D28D900BA0B77 /* SampleModalViewController.swift in Sources */,
				82C58BA620B97CCB00022D43 /* ScrollViewController.swift in Sources */,
				FA8591122027FABB003C3A18 /* ShowKeyboardViewController.swift in Sources */,
				829794792000484400EF5968 /* PickerViewController.swift in Sources */,
				FAADD2542020876A009DE882 /* ContentSizeViewController.swift in Sources */,
				820A9E17201D91D700574CF0 /* CustomCell.swift in Sources */,
				FA2D14DB20344437007430B9 /* AffineTransformViewController.swift in Sources */,
				FA2D14DD20344457007430B9 /* AffineTransformView.swift in Sources */,
				FA2CD59521F5869100508B08 /* TransparentNavigationBarViewController.swift in Sources */,
				FA149CBB1FCD3ED800E82F5F /* AppDelegate.swift in Sources */,
			);
			runOnlyForDeploymentPostprocessing = 0;
		};
/* End PBXSourcesBuildPhase section */

/* Begin PBXVariantGroup section */
		FA149CBE1FCD3ED800E82F5F /* Main.storyboard */ = {
			isa = PBXVariantGroup;
			children = (
				FA149CBF1FCD3ED800E82F5F /* Base */,
			);
			name = Main.storyboard;
			sourceTree = "<group>";
		};
		FA149CC31FCD3ED800E82F5F /* LaunchScreen.storyboard */ = {
			isa = PBXVariantGroup;
			children = (
				FA149CC41FCD3ED800E82F5F /* Base */,
			);
			name = LaunchScreen.storyboard;
			sourceTree = "<group>";
		};
/* End PBXVariantGroup section */

/* Begin XCBuildConfiguration section */
		FA149CC71FCD3ED800E82F5F /* Debug */ = {
			isa = XCBuildConfiguration;
			buildSettings = {
				ALWAYS_SEARCH_USER_PATHS = NO;
				CLANG_ANALYZER_NONNULL = YES;
				CLANG_ANALYZER_NUMBER_OBJECT_CONVERSION = YES_AGGRESSIVE;
				CLANG_CXX_LANGUAGE_STANDARD = "gnu++14";
				CLANG_CXX_LIBRARY = "libc++";
				CLANG_ENABLE_MODULES = YES;
				CLANG_ENABLE_OBJC_ARC = YES;
				CLANG_WARN_BLOCK_CAPTURE_AUTORELEASING = YES;
				CLANG_WARN_BOOL_CONVERSION = YES;
				CLANG_WARN_COMMA = YES;
				CLANG_WARN_CONSTANT_CONVERSION = YES;
				CLANG_WARN_DEPRECATED_OBJC_IMPLEMENTATIONS = YES;
				CLANG_WARN_DIRECT_OBJC_ISA_USAGE = YES_ERROR;
				CLANG_WARN_DOCUMENTATION_COMMENTS = YES;
				CLANG_WARN_EMPTY_BODY = YES;
				CLANG_WARN_ENUM_CONVERSION = YES;
				CLANG_WARN_INFINITE_RECURSION = YES;
				CLANG_WARN_INT_CONVERSION = YES;
				CLANG_WARN_NON_LITERAL_NULL_CONVERSION = YES;
				CLANG_WARN_OBJC_IMPLICIT_RETAIN_SELF = YES;
				CLANG_WARN_OBJC_LITERAL_CONVERSION = YES;
				CLANG_WARN_OBJC_ROOT_CLASS = YES_ERROR;
				CLANG_WARN_RANGE_LOOP_ANALYSIS = YES;
				CLANG_WARN_STRICT_PROTOTYPES = YES;
				CLANG_WARN_SUSPICIOUS_MOVE = YES;
				CLANG_WARN_UNGUARDED_AVAILABILITY = YES_AGGRESSIVE;
				CLANG_WARN_UNREACHABLE_CODE = YES;
				CLANG_WARN__DUPLICATE_METHOD_MATCH = YES;
				CODE_SIGN_IDENTITY = "iPhone Developer";
				COPY_PHASE_STRIP = NO;
				DEBUG_INFORMATION_FORMAT = dwarf;
				ENABLE_STRICT_OBJC_MSGSEND = YES;
				ENABLE_TESTABILITY = YES;
				GCC_C_LANGUAGE_STANDARD = gnu11;
				GCC_DYNAMIC_NO_PIC = NO;
				GCC_NO_COMMON_BLOCKS = YES;
				GCC_OPTIMIZATION_LEVEL = 0;
				GCC_PREPROCESSOR_DEFINITIONS = (
					"DEBUG=1",
					"$(inherited)",
				);
				GCC_WARN_64_TO_32_BIT_CONVERSION = YES;
				GCC_WARN_ABOUT_RETURN_TYPE = YES_ERROR;
				GCC_WARN_UNDECLARED_SELECTOR = YES;
				GCC_WARN_UNINITIALIZED_AUTOS = YES_AGGRESSIVE;
				GCC_WARN_UNUSED_FUNCTION = YES;
				GCC_WARN_UNUSED_VARIABLE = YES;
				IPHONEOS_DEPLOYMENT_TARGET = 9.3;
				MTL_ENABLE_DEBUG_INFO = YES;
				ONLY_ACTIVE_ARCH = YES;
				SDKROOT = iphoneos;
				SWIFT_ACTIVE_COMPILATION_CONDITIONS = DEBUG;
				SWIFT_OPTIMIZATION_LEVEL = "-Onone";
			};
			name = Debug;
		};
		FA149CC81FCD3ED800E82F5F /* Release */ = {
			isa = XCBuildConfiguration;
			buildSettings = {
				ALWAYS_SEARCH_USER_PATHS = NO;
				CLANG_ANALYZER_NONNULL = YES;
				CLANG_ANALYZER_NUMBER_OBJECT_CONVERSION = YES_AGGRESSIVE;
				CLANG_CXX_LANGUAGE_STANDARD = "gnu++14";
				CLANG_CXX_LIBRARY = "libc++";
				CLANG_ENABLE_MODULES = YES;
				CLANG_ENABLE_OBJC_ARC = YES;
				CLANG_WARN_BLOCK_CAPTURE_AUTORELEASING = YES;
				CLANG_WARN_BOOL_CONVERSION = YES;
				CLANG_WARN_COMMA = YES;
				CLANG_WARN_CONSTANT_CONVERSION = YES;
				CLANG_WARN_DEPRECATED_OBJC_IMPLEMENTATIONS = YES;
				CLANG_WARN_DIRECT_OBJC_ISA_USAGE = YES_ERROR;
				CLANG_WARN_DOCUMENTATION_COMMENTS = YES;
				CLANG_WARN_EMPTY_BODY = YES;
				CLANG_WARN_ENUM_CONVERSION = YES;
				CLANG_WARN_INFINITE_RECURSION = YES;
				CLANG_WARN_INT_CONVERSION = YES;
				CLANG_WARN_NON_LITERAL_NULL_CONVERSION = YES;
				CLANG_WARN_OBJC_IMPLICIT_RETAIN_SELF = YES;
				CLANG_WARN_OBJC_LITERAL_CONVERSION = YES;
				CLANG_WARN_OBJC_ROOT_CLASS = YES_ERROR;
				CLANG_WARN_RANGE_LOOP_ANALYSIS = YES;
				CLANG_WARN_STRICT_PROTOTYPES = YES;
				CLANG_WARN_SUSPICIOUS_MOVE = YES;
				CLANG_WARN_UNGUARDED_AVAILABILITY = YES_AGGRESSIVE;
				CLANG_WARN_UNREACHABLE_CODE = YES;
				CLANG_WARN__DUPLICATE_METHOD_MATCH = YES;
				CODE_SIGN_IDENTITY = "iPhone Developer";
				COPY_PHASE_STRIP = NO;
				DEBUG_INFORMATION_FORMAT = "dwarf-with-dsym";
				ENABLE_NS_ASSERTIONS = NO;
				ENABLE_STRICT_OBJC_MSGSEND = YES;
				GCC_C_LANGUAGE_STANDARD = gnu11;
				GCC_NO_COMMON_BLOCKS = YES;
				GCC_WARN_64_TO_32_BIT_CONVERSION = YES;
				GCC_WARN_ABOUT_RETURN_TYPE = YES_ERROR;
				GCC_WARN_UNDECLARED_SELECTOR = YES;
				GCC_WARN_UNINITIALIZED_AUTOS = YES_AGGRESSIVE;
				GCC_WARN_UNUSED_FUNCTION = YES;
				GCC_WARN_UNUSED_VARIABLE = YES;
				IPHONEOS_DEPLOYMENT_TARGET = 9.3;
				MTL_ENABLE_DEBUG_INFO = NO;
				SDKROOT = iphoneos;
				SWIFT_OPTIMIZATION_LEVEL = "-Owholemodule";
				VALIDATE_PRODUCT = YES;
			};
			name = Release;
		};
		FA149CCA1FCD3ED800E82F5F /* Debug */ = {
			isa = XCBuildConfiguration;
			baseConfigurationReference = 6C93C3C6B32199CB4CB4B090 /* Pods-iOSSample.debug.xcconfig */;
			buildSettings = {
				ASSETCATALOG_COMPILER_APPICON_NAME = AppIcon;
				CODE_SIGN_STYLE = Automatic;
				DEVELOPMENT_TEAM = 234G69CT2G;
				INFOPLIST_FILE = iOSSample/Info.plist;
				LD_RUNPATH_SEARCH_PATHS = "$(inherited) @executable_path/Frameworks";
				PRODUCT_BUNDLE_IDENTIFIER = koishi.iOSSample;
				PRODUCT_NAME = "$(TARGET_NAME)";
				SWIFT_VERSION = 4.2;
				TARGETED_DEVICE_FAMILY = "1,2";
			};
			name = Debug;
		};
		FA149CCB1FCD3ED800E82F5F /* Release */ = {
			isa = XCBuildConfiguration;
			baseConfigurationReference = FF673239809A6BE3D4FB6E51 /* Pods-iOSSample.release.xcconfig */;
			buildSettings = {
				ASSETCATALOG_COMPILER_APPICON_NAME = AppIcon;
				CODE_SIGN_STYLE = Automatic;
				DEVELOPMENT_TEAM = 234G69CT2G;
				INFOPLIST_FILE = iOSSample/Info.plist;
				LD_RUNPATH_SEARCH_PATHS = "$(inherited) @executable_path/Frameworks";
				PRODUCT_BUNDLE_IDENTIFIER = koishi.iOSSample;
				PRODUCT_NAME = "$(TARGET_NAME)";
				SWIFT_VERSION = 4.2;
				TARGETED_DEVICE_FAMILY = "1,2";
			};
			name = Release;
		};
/* End XCBuildConfiguration section */

/* Begin XCConfigurationList section */
		FA149CB21FCD3ED800E82F5F /* Build configuration list for PBXProject "iOSSample" */ = {
			isa = XCConfigurationList;
			buildConfigurations = (
				FA149CC71FCD3ED800E82F5F /* Debug */,
				FA149CC81FCD3ED800E82F5F /* Release */,
			);
			defaultConfigurationIsVisible = 0;
			defaultConfigurationName = Release;
		};
		FA149CC91FCD3ED800E82F5F /* Build configuration list for PBXNativeTarget "iOSSample" */ = {
			isa = XCConfigurationList;
			buildConfigurations = (
				FA149CCA1FCD3ED800E82F5F /* Debug */,
				FA149CCB1FCD3ED800E82F5F /* Release */,
			);
			defaultConfigurationIsVisible = 0;
			defaultConfigurationName = Release;
		};
/* End XCConfigurationList section */
	};
	rootObject = FA149CAF1FCD3ED800E82F5F /* Project object */;
}
